
Microsoft Visual Studio Solution File, Format Version 12.00
# Visual Studio Version 17
VisualStudioVersion = 17.3.32819.101
MinimumVisualStudioVersion = 10.0.40219.1
Project("{9A19103F-16F7-4668-BE54-9A1E7A4F7556}") = "BasicProgram195BatchDay5", "BasicProgram195BatchDay4\BasicProgram195BatchDay5.csproj", "{0C621A30-0D1E-4B61-89B3-F66ADDB121FE}"
EndProject
Global
	GlobalSection(SolutionConfigurationPlatforms) = preSolution
		Debug|Any CPU = Debug|Any CPU
		Release|Any CPU = Release|Any CPU
	EndGlobalSection
	GlobalSection(ProjectConfigurationPlatforms) = postSolution
		{0C621A30-0D1E-4B61-89B3-F66ADDB121FE}.Debug|Any CPU.ActiveCfg = Debug|Any CPU
		{0C621A30-0D1E-4B61-89B3-F66ADDB121FE}.Debug|Any CPU.Build.0 = Debug|Any CPU
		{0C621A30-0D1E-4B61-89B3-F66ADDB121FE}.Release|Any CPU.ActiveCfg = Release|Any CPU
		{0C621A30-0D1E-4B61-89B3-F66ADDB121FE}.Release|Any CPU.Build.0 = Release|Any CPU
	EndGlobalSection
	GlobalSection(SolutionProperties) = preSolution
		HideSolutionNode = FALSE
	EndGlobalSection
	GlobalSection(ExtensibilityGlobals) = postSolution
		SolutionGuid = {1A2799FE-8A6E-4148-8406-89A1CABE9526}
	EndGlobalSection
EndGlobal
